
Microsoft Visual Studio Solution File, Format Version 12.00
# Visual Studio Version 17
VisualStudioVersion = 17.4.33213.308
MinimumVisualStudioVersion = 10.0.40219.1
Project("{9A19103F-16F7-4668-BE54-9A1E7A4F7556}") = "TicTacToe", "TicTacToe.csproj", "{316C9853-7814-4829-9826-1815E0CE6ACA}"
EndProject
Project("{FAE04EC0-301F-11D3-BF4B-00C04F79EFBC}") = "TicTacToeTests", "..\TicTacToeTests\TicTacToeTests.csproj", "{10293C8E-7EED-43F2-BCC5-009298E48FEB}"
EndProject
Global
	GlobalSection(SolutionConfigurationPlatforms) = preSolution
		Debug|Any CPU = Debug|Any CPU
		Release|Any CPU = Release|Any CPU
	EndGlobalSection
	GlobalSection(ProjectConfigurationPlatforms) = postSolution
		{316C9853-7814-4829-9826-1815E0CE6ACA}.Debug|Any CPU.ActiveCfg = Debug|Any CPU
		{316C9853-7814-4829-9826-1815E0CE6ACA}.Debug|Any CPU.Build.0 = Debug|Any CPU
		{316C9853-7814-4829-9826-1815E0CE6ACA}.Release|Any CPU.ActiveCfg = Release|Any CPU
		{316C9853-7814-4829-9826-1815E0CE6ACA}.Release|Any CPU.Build.0 = Release|Any CPU
		{10293C8E-7EED-43F2-BCC5-009298E48FEB}.Debug|Any CPU.ActiveCfg = Debug|Any CPU
		{10293C8E-7EED-43F2-BCC5-009298E48FEB}.Debug|Any CPU.Build.0 = Debug|Any CPU
		{10293C8E-7EED-43F2-BCC5-009298E48FEB}.Release|Any CPU.ActiveCfg = Release|Any CPU
		{10293C8E-7EED-43F2-BCC5-009298E48FEB}.Release|Any CPU.Build.0 = Release|Any CPU
	EndGlobalSection
	GlobalSection(SolutionProperties) = preSolution
		HideSolutionNode = FALSE
	EndGlobalSection
	GlobalSection(ExtensibilityGlobals) = postSolution
		SolutionGuid = {9517F141-006C-4AC6-A80A-508CBD06A5C7}
	EndGlobalSection
EndGlobal
